github.com/fvaiiii/ordering_products/shared v0.0.0-20251203203611-f224154c7ac2 h1:3wStpjv0YNqbLfQwy5AJZ4RjBZ9h9hk8gBOUr+/Foy8=
github.com/fvaiiii/ordering_products/shared v0.0.0-20251203203611-f224154c7ac2/go.mod h1:2ZFwEZ43XAnldVJM/+XFxstjAlkm6HzbVVlHGjj7xkM=
github.com/google/uuid v1.6.0 h1:NIvaJDMOsjHA8n1jAhLSgzrAzy1Hgr+hNrb57e+94F0=
github.com/google/uuid v1.6.0/go.mod h1:TIyPZe4MgqvfeYDBFedMoGGpEw/LqOeaOT+nhxU+yHo=
